// !$*UTF8*$!
{
	archiveVersion = 1;
	classes = {
	};
	objectVersion = 50;
	objects = {

/* Begin PBXBuildFile section */
		EDF5063421B2B89700DF59B5 /* AppDelegate.swift in Sources */ = {isa = PBXBuildFile; fileRef = EDF5063321B2B89700DF59B5 /* AppDelegate.swift */; };
		EDF5063621B2B89700DF59B5 /* ViewController.swift in Sources */ = {isa = PBXBuildFile; fileRef = EDF5063521B2B89700DF59B5 /* ViewController.swift */; };
		EDF5063921B2B89700DF59B5 /* Main.storyboard in Resources */ = {isa = PBXBuildFile; fileRef = EDF5063721B2B89700DF59B5 /* Main.storyboard */; };
		EDF5063B21B2B89900DF59B5 /* Assets.xcassets in Resources */ = {isa = PBXBuildFile; fileRef = EDF5063A21B2B89900DF59B5 /* Assets.xcassets */; };
		EDF5063E21B2B89900DF59B5 /* LaunchScreen.storyboard in Resources */ = {isa = PBXBuildFile; fileRef = EDF5063C21B2B89900DF59B5 /* LaunchScreen.storyboard */; };
		EDF5064921B2B89900DF59B5 /* WorldTrotterTests.swift in Sources */ = {isa = PBXBuildFile; fileRef = EDF5064821B2B89900DF59B5 /* WorldTrotterTests.swift */; };
		EDF5065421B2B89900DF59B5 /* WorldTrotterUITests.swift in Sources */ = {isa = PBXBuildFile; fileRef = EDF5065321B2B89900DF59B5 /* WorldTrotterUITests.swift */; };
/* End PBXBuildFile section */

/* Begin PBXContainerItemProxy section */
		EDF5064521B2B89900DF59B5 /* PBXContainerItemProxy */ = {
			isa = PBXContainerItemProxy;
			containerPortal = EDF5062821B2B89700DF59B5 /* Project object */;
			proxyType = 1;
			remoteGlobalIDString = EDF5062F21B2B89700DF59B5;
			remoteInfo = WorldTrotter;
		};
		EDF5065021B2B89900DF59B5 /* PBXContainerItemProxy */ = {
			isa = PBXContainerItemProxy;
			containerPortal = EDF5062821B2B89700DF59B5 /* Project object */;
			proxyType = 1;
			remoteGlobalIDString = EDF5062F21B2B89700DF59B5;
			remoteInfo = WorldTrotter;
		};
/* End PBXContainerItemProxy section */

/* Begin PBXFileReference section */
		EDF5063021B2B89700DF59B5 /* WorldTrotter.app */ = {isa = PBXFileReference; explicitFileType = wrapper.application; includeInIndex = 0; path = WorldTrotter.app; sourceTree = BUILT_PRODUCTS_DIR; };
		EDF5063321B2B89700DF59B5 /* AppDelegate.swift */ = {isa = PBXFileReference; lastKnownFileType = sourcecode.swift; path = AppDelegate.swift; sourceTree = "<group>"; };
		EDF5063521B2B89700DF59B5 /* ViewController.swift */ = {isa = PBXFileReference; lastKnownFileType = sourcecode.swift; path = ViewController.swift; sourceTree = "<group>"; };
		EDF5063821B2B89700DF59B5 /* Base */ = {isa = PBXFileReference; lastKnownFileType = file.storyboard; name = Base; path = Base.lproj/Main.storyboard; sourceTree = "<group>"; };
		EDF5063A21B2B89900DF59B5 /* Assets.xcassets */ = {isa = PBXFileReference; lastKnownFileType = folder.assetcatalog; path = Assets.xcassets; sourceTree = "<group>"; };
		EDF5063D21B2B89900DF59B5 /* Base */ = {isa = PBXFileReference; lastKnownFileType = file.storyboard; name = Base; path = Base.lproj/LaunchScreen.storyboard; sourceTree = "<group>"; };
		EDF5063F21B2B89900DF59B5 /* Info.plist */ = {isa = PBXFileReference; lastKnownFileType = text.plist.xml; path = Info.plist; sourceTree = "<group>"; };
		EDF5064421B2B89900DF59B5 /* WorldTrotterTests.xctest */ = {isa = PBXFileReference; explicitFileType = wrapper.cfbundle; includeInIndex = 0; path = WorldTrotterTests.xctest; sourceTree = BUILT_PRODUCTS_DIR; };
		EDF5064821B2B89900DF59B5 /* WorldTrotterTests.swift */ = {isa = PBXFileReference; lastKnownFileType = sourcecode.swift; path = WorldTrotterTests.swift; sourceTree = "<group>"; };
		EDF5064A21B2B89900DF59B5 /* Info.plist */ = {isa = PBXFileReference; lastKnownFileType = text.plist.xml; path = Info.plist; sourceTree = "<group>"; };
		EDF5064F21B2B89900DF59B5 /* WorldTrotterUITests.xctest */ = {isa = PBXFileReference; explicitFileType = wrapper.cfbundle; includeInIndex = 0; path = WorldTrotterUITests.xctest; sourceTree = BUILT_PRODUCTS_DIR; };
		EDF5065321B2B89900DF59B5 /* WorldTrotterUITests.swift */ = {isa = PBXFileReference; lastKnownFileType = sourcecode.swift; path = WorldTrotterUITests.swift; sourceTree = "<group>"; };
		EDF5065521B2B89900DF59B5 /* Info.plist */ = {isa = PBXFileReference; lastKnownFileType = text.plist.xml; path = Info.plist; sourceTree = "<group>"; };
/* End PBXFileReference section */

/* Begin PBXFrameworksBuildPhase section */
		EDF5062D21B2B89700DF59B5 /* Frameworks */ = {
			isa = PBXFrameworksBuildPhase;
			buildActionMask = 2147483647;
			files = (
			);
			runOnlyForDeploymentPostprocessing = 0;
		};
		EDF5064121B2B89900DF59B5 /* Frameworks */ = {
			isa = PBXFrameworksBuildPhase;
			buildActionMask = 2147483647;
			files = (
			);
			runOnlyForDeploymentPostprocessing = 0;
		};
		EDF5064C21B2B89900DF59B5 /* Frameworks */ = {
			isa = PBXFrameworksBuildPhase;
			buildActionMask = 2147483647;
			files = (
			);
			runOnlyForDeploymentPostprocessing = 0;
		};
/* End PBXFrameworksBuildPhase section */

/* Begin PBXGroup section */
		EDF5062721B2B89700DF59B5 = {
			isa = PBXGroup;
			children = (
				EDF5063221B2B89700DF59B5 /* WorldTrotter */,
				EDF5064721B2B89900DF59B5 /* WorldTrotterTests */,
				EDF5065221B2B89900DF59B5 /* WorldTrotterUITests */,
				EDF5063121B2B89700DF59B5 /* Products */,
			);
			sourceTree = "<group>";
		};
		EDF5063121B2B89700DF59B5 /* Products */ = {
			isa = PBXGroup;
			children = (
				EDF5063021B2B89700DF59B5 /* WorldTrotter.app */,
				EDF5064421B2B89900DF59B5 /* WorldTrotterTests.xctest */,
				EDF5064F21B2B89900DF59B5 /* WorldTrotterUITests.xctest */,
			);
			name = Products;
			sourceTree = "<group>";
		};
		EDF5063221B2B89700DF59B5 /* WorldTrotter */ = {
			isa = PBXGroup;
			children = (
				EDF5063321B2B89700DF59B5 /* AppDelegate.swift */,
				EDF5063521B2B89700DF59B5 /* ViewController.swift */,
				EDF5063721B2B89700DF59B5 /* Main.storyboard */,
				EDF5063A21B2B89900DF59B5 /* Assets.xcassets */,
				EDF5063C21B2B89900DF59B5 /* LaunchScreen.storyboard */,
				EDF5063F21B2B89900DF59B5 /* Info.plist */,
			);
			path = WorldTrotter;
			sourceTree = "<group>";
		};
		EDF5064721B2B89900DF59B5 /* WorldTrotterTests */ = {
			isa = PBXGroup;
			children = (
				EDF5064821B2B89900DF59B5 /* WorldTrotterTests.swift */,
				EDF5064A21B2B89900DF59B5 /* Info.plist */,
			);
			path = WorldTrotterTests;
			sourceTree = "<group>";
		};
		EDF5065221B2B89900DF59B5 /* WorldTrotterUITests */ = {
			isa = PBXGroup;
			children = (
				EDF5065321B2B89900DF59B5 /* WorldTrotterUITests.swift */,
				EDF5065521B2B89900DF59B5 /* Info.plist */,
			);
			path = WorldTrotterUITests;
			sourceTree = "<group>";
		};
/* End PBXGroup section */

/* Begin PBXNativeTarget section */
		EDF5062F21B2B89700DF59B5 /* WorldTrotter */ = {
			isa = PBXNativeTarget;
			buildConfigurationList = EDF5065821B2B89900DF59B5 /* Build configuration list for PBXNativeTarget "WorldTrotter" */;
			buildPhases = (
				EDF5062C21B2B89700DF59B5 /* Sources */,
				EDF5062D21B2B89700DF59B5 /* Frameworks */,
				EDF5062E21B2B89700DF59B5 /* Resources */,
			);
			buildRules = (
			);
			dependencies = (
			);
			name = WorldTrotter;
			productName = WorldTrotter;
			productReference = EDF5063021B2B89700DF59B5 /* WorldTrotter.app */;
			productType = "com.apple.product-type.application";
		};
		EDF5064321B2B89900DF59B5 /* WorldTrotterTests */ = {
			isa = PBXNativeTarget;
			buildConfigurationList = EDF5065B21B2B89900DF59B5 /* Build configuration list for PBXNativeTarget "WorldTrotterTests" */;
			buildPhases = (
				EDF5064021B2B89900DF59B5 /* Sources */,
				EDF5064121B2B89900DF59B5 /* Frameworks */,
				EDF5064221B2B89900DF59B5 /* Resources */,
			);
			buildRules = (
			);
			dependencies = (
				EDF5064621B2B89900DF59B5 /* PBXTargetDependency */,
			);
			name = WorldTrotterTests;
			productName = WorldTrotterTests;
			productReference = EDF5064421B2B89900DF59B5 /* WorldTrotterTests.xctest */;
			productType = "com.apple.product-type.bundle.unit-test";
		};
		EDF5064E21B2B89900DF59B5 /* WorldTrotterUITests */ = {
			isa = PBXNativeTarget;
			buildConfigurationList = EDF5065E21B2B89900DF59B5 /* Build configuration list for PBXNativeTarget "WorldTrotterUITests" */;
			buildPhases = (
				EDF5064B21B2B89900DF59B5 /* Sources */,
				EDF5064C21B2B89900DF59B5 /* Frameworks */,
				EDF5064D21B2B89900DF59B5 /* Resources */,
			);
			buildRules = (
			);
			dependencies = (
				EDF5065121B2B89900DF59B5 /* PBXTargetDependency */,
			);
			name = WorldTrotterUITests;
			productName = WorldTrotterUITests;
			productReference = EDF5064F21B2B89900DF59B5 /* WorldTrotterUITests.xctest */;
			productType = "com.apple.product-type.bundle.ui-testing";
		};
/* End PBXNativeTarget section */

/* Begin PBXProject section */
		EDF5062821B2B89700DF59B5 /* Project object */ = {
			isa = PBXProject;
			attributes = {
				LastSwiftUpdateCheck = 1010;
				LastUpgradeCheck = 1010;
				ORGANIZATIONNAME = "Németh Bendegúz";
				TargetAttributes = {
					EDF5062F21B2B89700DF59B5 = {
						CreatedOnToolsVersion = 10.1;
					};
					EDF5064321B2B89900DF59B5 = {
						CreatedOnToolsVersion = 10.1;
						TestTargetID = EDF5062F21B2B89700DF59B5;
					};
					EDF5064E21B2B89900DF59B5 = {
						CreatedOnToolsVersion = 10.1;
						TestTargetID = EDF5062F21B2B89700DF59B5;
					};
				};
			};
			buildConfigurationList = EDF5062B21B2B89700DF59B5 /* Build configuration list for PBXProject "WorldTrotter" */;
			compatibilityVersion = "Xcode 9.3";
			developmentRegion = en;
			hasScannedForEncodings = 0;
			knownRegions = (
				en,
				Base,
			);
			mainGroup = EDF5062721B2B89700DF59B5;
			productRefGroup = EDF5063121B2B89700DF59B5 /* Products */;
			projectDirPath = "";
			projectRoot = "";
			targets = (
				EDF5062F21B2B89700DF59B5 /* WorldTrotter */,
				EDF5064321B2B89900DF59B5 /* WorldTrotterTests */,
				EDF5064E21B2B89900DF59B5 /* WorldTrotterUITests */,
			);
		};
/* End PBXProject section */

/* Begin PBXResourcesBuildPhase section */
		EDF5062E21B2B89700DF59B5 /* Resources */ = {
			isa = PBXResourcesBuildPhase;
			buildActionMask = 2147483647;
			files = (
				EDF5063E21B2B89900DF59B5 /* LaunchScreen.storyboard in Resources */,
				EDF5063B21B2B89900DF59B5 /* Assets.xcassets in Resources */,
				EDF5063921B2B89700DF59B5 /* Main.storyboard in Resources */,
			);
			runOnlyForDeploymentPostprocessing = 0;
		};
		EDF5064221B2B89900DF59B5 /* Resources */ = {
			isa = PBXResourcesBuildPhase;
			buildActionMask = 2147483647;
			files = (
			);
			runOnlyForDeploymentPostprocessing = 0;
		};
		EDF5064D21B2B89900DF59B5 /* Resources */ = {
			isa = PBXResourcesBuildPhase;
			buildActionMask = 2147483647;
			files = (
			);
			runOnlyForDeploymentPostprocessing = 0;
		};
/* End PBXResourcesBuildPhase section */

/* Begin PBXSourcesBuildPhase section */
		EDF5062C21B2B89700DF59B5 /* Sources */ = {
			isa = PBXSourcesBuildPhase;
			buildActionMask = 2147483647;
			files = (
				EDF5063621B2B89700DF59B5 /* ViewController.swift in Sources */,
				EDF5063421B2B89700DF59B5 /* AppDelegate.swift in Sources */,
			);
			runOnlyForDeploymentPostprocessing = 0;
		};
		EDF5064021B2B89900DF59B5 /* Sources */ = {
			isa = PBXSourcesBuildPhase;
			buildActionMask = 2147483647;
			files = (
				EDF5064921B2B89900DF59B5 /* WorldTrotterTests.swift in Sources */,
			);
			runOnlyForDeploymentPostprocessing = 0;
		};
		EDF5064B21B2B89900DF59B5 /* Sources */ = {
			isa = PBXSourcesBuildPhase;
			buildActionMask = 2147483647;
			files = (
				EDF5065421B2B89900DF59B5 /* WorldTrotterUITests.swift in Sources */,
			);
			runOnlyForDeploymentPostprocessing = 0;
		};
/* End PBXSourcesBuildPhase section */

/* Begin PBXTargetDependency section */
		EDF5064621B2B89900DF59B5 /* PBXTargetDependency */ = {
			isa = PBXTargetDependency;
			target = EDF5062F21B2B89700DF59B5 /* WorldTrotter */;
			targetProxy = EDF5064521B2B89900DF59B5 /* PBXContainerItemProxy */;
		};
		EDF5065121B2B89900DF59B5 /* PBXTargetDependency */ = {
			isa = PBXTargetDependency;
			target = EDF5062F21B2B89700DF59B5 /* WorldTrotter */;
			targetProxy = EDF5065021B2B89900DF59B5 /* PBXContainerItemProxy */;
		};
/* End PBXTargetDependency section */

/* Begin PBXVariantGroup section */
		EDF5063721B2B89700DF59B5 /* Main.storyboard */ = {
			isa = PBXVariantGroup;
			children = (
				EDF5063821B2B89700DF59B5 /* Base */,
			);
			name = Main.storyboard;
			sourceTree = "<group>";
		};
		EDF5063C21B2B89900DF59B5 /* LaunchScreen.storyboard */ = {
			isa = PBXVariantGroup;
			children = (
				EDF5063D21B2B89900DF59B5 /* Base */,
			);
			name = LaunchScreen.storyboard;
			sourceTree = "<group>";
		};
/* End PBXVariantGroup section */

/* Begin XCBuildConfiguration section */
		EDF5065621B2B89900DF59B5 /* Debug */ = {
			isa = XCBuildConfiguration;
			buildSettings = {
				ALWAYS_SEARCH_USER_PATHS = NO;
				CLANG_ANALYZER_NONNULL = YES;
				CLANG_ANALYZER_NUMBER_OBJECT_CONVERSION = YES_AGGRESSIVE;
				CLANG_CXX_LANGUAGE_STANDARD = "gnu++14";
				CLANG_CXX_LIBRARY = "libc++";
				CLANG_ENABLE_MODULES = YES;
				CLANG_ENABLE_OBJC_ARC = YES;
				CLANG_ENABLE_OBJC_WEAK = YES;
				CLANG_WARN_BLOCK_CAPTURE_AUTORELEASING = YES;
				CLANG_WARN_BOOL_CONVERSION = YES;
				CLANG_WARN_COMMA = YES;
				CLANG_WARN_CONSTANT_CONVERSION = YES;
				CLANG_WARN_DEPRECATED_OBJC_IMPLEMENTATIONS = YES;
				CLANG_WARN_DIRECT_OBJC_ISA_USAGE = YES_ERROR;
				CLANG_WARN_DOCUMENTATION_COMMENTS = YES;
				CLANG_WARN_EMPTY_BODY = YES;
				CLANG_WARN_ENUM_CONVERSION = YES;
				CLANG_WARN_INFINITE_RECURSION = YES;
				CLANG_WARN_INT_CONVERSION = YES;
				CLANG_WARN_NON_LITERAL_NULL_CONVERSION = YES;
				CLANG_WARN_OBJC_IMPLICIT_RETAIN_SELF = YES;
				CLANG_WARN_OBJC_LITERAL_CONVERSION = YES;
				CLANG_WARN_OBJC_ROOT_CLASS = YES_ERROR;
				CLANG_WARN_RANGE_LOOP_ANALYSIS = YES;
				CLANG_WARN_STRICT_PROTOTYPES = YES;
				CLANG_WARN_SUSPICIOUS_MOVE = YES;
				CLANG_WARN_UNGUARDED_AVAILABILITY = YES_AGGRESSIVE;
				CLANG_WARN_UNREACHABLE_CODE = YES;
				CLANG_WARN__DUPLICATE_METHOD_MATCH = YES;
				CODE_SIGN_IDENTITY = "iPhone Developer";
				COPY_PHASE_STRIP = NO;
				DEBUG_INFORMATION_FORMAT = dwarf;
				ENABLE_STRICT_OBJC_MSGSEND = YES;
				ENABLE_TESTABILITY = YES;
				GCC_C_LANGUAGE_STANDARD = gnu11;
				GCC_DYNAMIC_NO_PIC = NO;
				GCC_NO_COMMON_BLOCKS = YES;
				GCC_OPTIMIZATION_LEVEL = 0;
				GCC_PREPROCESSOR_DEFINITIONS = (
					"DEBUG=1",
					"$(inherited)",
				);
				GCC_WARN_64_TO_32_BIT_CONVERSION = YES;
				GCC_WARN_ABOUT_RETURN_TYPE = YES_ERROR;
				GCC_WARN_UNDECLARED_SELECTOR = YES;
				GCC_WARN_UNINITIALIZED_AUTOS = YES_AGGRESSIVE;
				GCC_WARN_UNUSED_FUNCTION = YES;
				GCC_WARN_UNUSED_VARIABLE = YES;
				IPHONEOS_DEPLOYMENT_TARGET = 12.1;
				MTL_ENABLE_DEBUG_INFO = INCLUDE_SOURCE;
				MTL_FAST_MATH = YES;
				ONLY_ACTIVE_ARCH = YES;
				SDKROOT = iphoneos;
				SWIFT_ACTIVE_COMPILATION_CONDITIONS = DEBUG;
				SWIFT_OPTIMIZATION_LEVEL = "-Onone";
			};
			name = Debug;
		};
		EDF5065721B2B89900DF59B5 /* Release */ = {
			isa = XCBuildConfiguration;
			buildSettings = {
				ALWAYS_SEARCH_USER_PATHS = NO;
				CLANG_ANALYZER_NONNULL = YES;
				CLANG_ANALYZER_NUMBER_OBJECT_CONVERSION = YES_AGGRESSIVE;
				CLANG_CXX_LANGUAGE_STANDARD = "gnu++14";
				CLANG_CXX_LIBRARY = "libc++";
				CLANG_ENABLE_MODULES = YES;
				CLANG_ENABLE_OBJC_ARC = YES;
				CLANG_ENABLE_OBJC_WEAK = YES;
				CLANG_WARN_BLOCK_CAPTURE_AUTORELEASING = YES;
				CLANG_WARN_BOOL_CONVERSION = YES;
				CLANG_WARN_COMMA = YES;
				CLANG_WARN_CONSTANT_CONVERSION = YES;
				CLANG_WARN_DEPRECATED_OBJC_IMPLEMENTATIONS = YES;
				CLANG_WARN_DIRECT_OBJC_ISA_USAGE = YES_ERROR;
				CLANG_WARN_DOCUMENTATION_COMMENTS = YES;
				CLANG_WARN_EMPTY_BODY = YES;
				CLANG_WARN_ENUM_CONVERSION = YES;
				CLANG_WARN_INFINITE_RECURSION = YES;
				CLANG_WARN_INT_CONVERSION = YES;
				CLANG_WARN_NON_LITERAL_NULL_CONVERSION = YES;
				CLANG_WARN_OBJC_IMPLICIT_RETAIN_SELF = YES;
				CLANG_WARN_OBJC_LITERAL_CONVERSION = YES;
				CLANG_WARN_OBJC_ROOT_CLASS = YES_ERROR;
				CLANG_WARN_RANGE_LOOP_ANALYSIS = YES;
				CLANG_WARN_STRICT_PROTOTYPES = YES;
				CLANG_WARN_SUSPICIOUS_MOVE = YES;
				CLANG_WARN_UNGUARDED_AVAILABILITY = YES_AGGRESSIVE;
				CLANG_WARN_UNREACHABLE_CODE = YES;
				CLANG_WARN__DUPLICATE_METHOD_MATCH = YES;
				CODE_SIGN_IDENTITY = "iPhone Developer";
				COPY_PHASE_STRIP = NO;
				DEBUG_INFORMATION_FORMAT = "dwarf-with-dsym";
				ENABLE_NS_ASSERTIONS = NO;
				ENABLE_STRICT_OBJC_MSGSEND = YES;
				GCC_C_LANGUAGE_STANDARD = gnu11;
				GCC_NO_COMMON_BLOCKS = YES;
				GCC_WARN_64_TO_32_BIT_CONVERSION = YES;
				GCC_WARN_ABOUT_RETURN_TYPE = YES_ERROR;
				GCC_WARN_UNDECLARED_SELECTOR = YES;
				GCC_WARN_UNINITIALIZED_AUTOS = YES_AGGRESSIVE;
				GCC_WARN_UNUSED_FUNCTION = YES;
				GCC_WARN_UNUSED_VARIABLE = YES;
				IPHONEOS_DEPLOYMENT_TARGET = 12.1;
				MTL_ENABLE_DEBUG_INFO = NO;
				MTL_FAST_MATH = YES;
				SDKROOT = iphoneos;
				SWIFT_COMPILATION_MODE = wholemodule;
				SWIFT_OPTIMIZATION_LEVEL = "-O";
				VALIDATE_PRODUCT = YES;
			};
			name = Release;
		};
		EDF5065921B2B89900DF59B5 /* Debug */ = {
			isa = XCBuildConfiguration;
			buildSettings = {
				ASSETCATALOG_COMPILER_APPICON_NAME = AppIcon;
				CODE_SIGN_STYLE = Automatic;
				DEVELOPMENT_TEAM = QBVG4UVN9M;
				INFOPLIST_FILE = WorldTrotter/Info.plist;
				LD_RUNPATH_SEARCH_PATHS = (
					"$(inherited)",
					"@executable_path/Frameworks",
				);
				PRODUCT_BUNDLE_IDENTIFIER = com.n.bendeguz3.WorldTrotter;
				PRODUCT_NAME = "$(TARGET_NAME)";
				SWIFT_VERSION = 4.2;
				TARGETED_DEVICE_FAMILY = "1,2";
			};
			name = Debug;
		};
		EDF5065A21B2B89900DF59B5 /* Release */ = {
			isa = XCBuildConfiguration;
			buildSettings = {
				ASSETCATALOG_COMPILER_APPICON_NAME = AppIcon;
				CODE_SIGN_STYLE = Automatic;
				DEVELOPMENT_TEAM = QBVG4UVN9M;
				INFOPLIST_FILE = WorldTrotter/Info.plist;
				LD_RUNPATH_SEARCH_PATHS = (
					"$(inherited)",
					"@executable_path/Frameworks",
				);
				PRODUCT_BUNDLE_IDENTIFIER = com.n.bendeguz3.WorldTrotter;
				PRODUCT_NAME = "$(TARGET_NAME)";
				SWIFT_VERSION = 4.2;
				TARGETED_DEVICE_FAMILY = "1,2";
			};
			name = Release;
		};
		EDF5065C21B2B89900DF59B5 /* Debug */ = {
			isa = XCBuildConfiguration;
			buildSettings = {
				ALWAYS_EMBED_SWIFT_STANDARD_LIBRARIES = YES;
				BUNDLE_LOADER = "$(TEST_HOST)";
				CODE_SIGN_STYLE = Automatic;
				DEVELOPMENT_TEAM = QBVG4UVN9M;
				INFOPLIST_FILE = WorldTrotterTests/Info.plist;
				LD_RUNPATH_SEARCH_PATHS = (
					"$(inherited)",
					"@executable_path/Frameworks",
					"@loader_path/Frameworks",
				);
				PRODUCT_BUNDLE_IDENTIFIER = com.n.bendeguz3.WorldTrotterTests;
				PRODUCT_NAME = "$(TARGET_NAME)";
				SWIFT_VERSION = 4.2;
				TARGETED_DEVICE_FAMILY = "1,2";
				TEST_HOST = "$(BUILT_PRODUCTS_DIR)/WorldTrotter.app/WorldTrotter";
			};
			name = Debug;
		};
		EDF5065D21B2B89900DF59B5 /* Release */ = {
			isa = XCBuildConfiguration;
			buildSettings = {
				ALWAYS_EMBED_SWIFT_STANDARD_LIBRARIES = YES;
				BUNDLE_LOADER = "$(TEST_HOST)";
				CODE_SIGN_STYLE = Automatic;
				DEVELOPMENT_TEAM = QBVG4UVN9M;
				INFOPLIST_FILE = WorldTrotterTests/Info.plist;
				LD_RUNPATH_SEARCH_PATHS = (
					"$(inherited)",
					"@executable_path/Frameworks",
					"@loader_path/Frameworks",
				);
				PRODUCT_BUNDLE_IDENTIFIER = com.n.bendeguz3.WorldTrotterTests;
				PRODUCT_NAME = "$(TARGET_NAME)";
				SWIFT_VERSION = 4.2;
				TARGETED_DEVICE_FAMILY = "1,2";
				TEST_HOST = "$(BUILT_PRODUCTS_DIR)/WorldTrotter.app/WorldTrotter";
			};
			name = Release;
		};
		EDF5065F21B2B89900DF59B5 /* Debug */ = {
			isa = XCBuildConfiguration;
			buildSettings = {
				ALWAYS_EMBED_SWIFT_STANDARD_LIBRARIES = YES;
				CODE_SIGN_STYLE = Automatic;
				DEVELOPMENT_TEAM = QBVG4UVN9M;
				INFOPLIST_FILE = WorldTrotterUITests/Info.plist;
				LD_RUNPATH_SEARCH_PATHS = (
					"$(inherited)",
					"@executable_path/Frameworks",
					"@loader_path/Frameworks",
				);
				PRODUCT_BUNDLE_IDENTIFIER = com.n.bendeguz3.WorldTrotterUITests;
				PRODUCT_NAME = "$(TARGET_NAME)";
				SWIFT_VERSION = 4.2;
				TARGETED_DEVICE_FAMILY = "1,2";
				TEST_TARGET_NAME = WorldTrotter;
			};
			name = Debug;
		};
		EDF5066021B2B89900DF59B5 /* Release */ = {
			isa = XCBuildConfiguration;
			buildSettings = {
				ALWAYS_EMBED_SWIFT_STANDARD_LIBRARIES = YES;
				CODE_SIGN_STYLE = Automatic;
				DEVELOPMENT_TEAM = QBVG4UVN9M;
				INFOPLIST_FILE = WorldTrotterUITests/Info.plist;
				LD_RUNPATH_SEARCH_PATHS = (
					"$(inherited)",
					"@executable_path/Frameworks",
					"@loader_path/Frameworks",
				);
				PRODUCT_BUNDLE_IDENTIFIER = com.n.bendeguz3.WorldTrotterUITests;
				PRODUCT_NAME = "$(TARGET_NAME)";
				SWIFT_VERSION = 4.2;
				TARGETED_DEVICE_FAMILY = "1,2";
				TEST_TARGET_NAME = WorldTrotter;
			};
			name = Release;
		};
/* End XCBuildConfiguration section */

/* Begin XCConfigurationList section */
		EDF5062B21B2B89700DF59B5 /* Build configuration list for PBXProject "WorldTrotter" */ = {
			isa = XCConfigurationList;
			buildConfigurations = (
				EDF5065621B2B89900DF59B5 /* Debug */,
				EDF5065721B2B89900DF59B5 /* Release */,
			);
			defaultConfigurationIsVisible = 0;
			defaultConfigurationName = Release;
		};
		EDF5065821B2B89900DF59B5 /* Build configuration list for PBXNativeTarget "WorldTrotter" */ = {
			isa = XCConfigurationList;
			buildConfigurations = (
				EDF5065921B2B89900DF59B5 /* Debug */,
				EDF5065A21B2B89900DF59B5 /* Release */,
			);
			defaultConfigurationIsVisible = 0;
			defaultConfigurationName = Release;
		};
		EDF5065B21B2B89900DF59B5 /* Build configuration list for PBXNativeTarget "WorldTrotterTests" */ = {
			isa = XCConfigurationList;
			buildConfigurations = (
				EDF5065C21B2B89900DF59B5 /* Debug */,
				EDF5065D21B2B89900DF59B5 /* Release */,
			);
			defaultConfigurationIsVisible = 0;
			defaultConfigurationName = Release;
		};
		EDF5065E21B2B89900DF59B5 /* Build configuration list for PBXNativeTarget "WorldTrotterUITests" */ = {
			isa = XCConfigurationList;
			buildConfigurations = (
				EDF5065F21B2B89900DF59B5 /* Debug */,
				EDF5066021B2B89900DF59B5 /* Release */,
			);
			defaultConfigurationIsVisible = 0;
			defaultConfigurationName = Release;
		};
/* End XCConfigurationList section */
	};
	rootObject = EDF5062821B2B89700DF59B5 /* Project object */;
}
