// !$*UTF8*$!
{
	archiveVersion = 1;
	classes = {
	};
	objectVersion = 50;
	objects = {

/* Begin PBXBuildFile section */
		ED08463521B006E500FABAC7 /* AppDelegate.swift in Sources */ = {isa = PBXBuildFile; fileRef = ED08463421B006E500FABAC7 /* AppDelegate.swift */; };
		ED08463721B006E500FABAC7 /* ViewController.swift in Sources */ = {isa = PBXBuildFile; fileRef = ED08463621B006E500FABAC7 /* ViewController.swift */; };
		ED08463A21B006E500FABAC7 /* Main.storyboard in Resources */ = {isa = PBXBuildFile; fileRef = ED08463821B006E500FABAC7 /* Main.storyboard */; };
		ED08463C21B006E600FABAC7 /* Assets.xcassets in Resources */ = {isa = PBXBuildFile; fileRef = ED08463B21B006E600FABAC7 /* Assets.xcassets */; };
		ED08463F21B006E600FABAC7 /* LaunchScreen.storyboard in Resources */ = {isa = PBXBuildFile; fileRef = ED08463D21B006E600FABAC7 /* LaunchScreen.storyboard */; };
		ED08464A21B006E700FABAC7 /* QuizTests.swift in Sources */ = {isa = PBXBuildFile; fileRef = ED08464921B006E700FABAC7 /* QuizTests.swift */; };
		ED08465521B006E700FABAC7 /* QuizUITests.swift in Sources */ = {isa = PBXBuildFile; fileRef = ED08465421B006E700FABAC7 /* QuizUITests.swift */; };
/* End PBXBuildFile section */

/* Begin PBXContainerItemProxy section */
		ED08464621B006E700FABAC7 /* PBXContainerItemProxy */ = {
			isa = PBXContainerItemProxy;
			containerPortal = ED08462921B006E500FABAC7 /* Project object */;
			proxyType = 1;
			remoteGlobalIDString = ED08463021B006E500FABAC7;
			remoteInfo = Quiz;
		};
		ED08465121B006E700FABAC7 /* PBXContainerItemProxy */ = {
			isa = PBXContainerItemProxy;
			containerPortal = ED08462921B006E500FABAC7 /* Project object */;
			proxyType = 1;
			remoteGlobalIDString = ED08463021B006E500FABAC7;
			remoteInfo = Quiz;
		};
/* End PBXContainerItemProxy section */

/* Begin PBXFileReference section */
		ED08463121B006E500FABAC7 /* Quiz.app */ = {isa = PBXFileReference; explicitFileType = wrapper.application; includeInIndex = 0; path = Quiz.app; sourceTree = BUILT_PRODUCTS_DIR; };
		ED08463421B006E500FABAC7 /* AppDelegate.swift */ = {isa = PBXFileReference; lastKnownFileType = sourcecode.swift; path = AppDelegate.swift; sourceTree = "<group>"; };
		ED08463621B006E500FABAC7 /* ViewController.swift */ = {isa = PBXFileReference; lastKnownFileType = sourcecode.swift; path = ViewController.swift; sourceTree = "<group>"; };
		ED08463921B006E500FABAC7 /* Base */ = {isa = PBXFileReference; lastKnownFileType = file.storyboard; name = Base; path = Base.lproj/Main.storyboard; sourceTree = "<group>"; };
		ED08463B21B006E600FABAC7 /* Assets.xcassets */ = {isa = PBXFileReference; lastKnownFileType = folder.assetcatalog; path = Assets.xcassets; sourceTree = "<group>"; };
		ED08463E21B006E600FABAC7 /* Base */ = {isa = PBXFileReference; lastKnownFileType = file.storyboard; name = Base; path = Base.lproj/LaunchScreen.storyboard; sourceTree = "<group>"; };
		ED08464021B006E700FABAC7 /* Info.plist */ = {isa = PBXFileReference; lastKnownFileType = text.plist.xml; path = Info.plist; sourceTree = "<group>"; };
		ED08464521B006E700FABAC7 /* QuizTests.xctest */ = {isa = PBXFileReference; explicitFileType = wrapper.cfbundle; includeInIndex = 0; path = QuizTests.xctest; sourceTree = BUILT_PRODUCTS_DIR; };
		ED08464921B006E700FABAC7 /* QuizTests.swift */ = {isa = PBXFileReference; lastKnownFileType = sourcecode.swift; path = QuizTests.swift; sourceTree = "<group>"; };
		ED08464B21B006E700FABAC7 /* Info.plist */ = {isa = PBXFileReference; lastKnownFileType = text.plist.xml; path = Info.plist; sourceTree = "<group>"; };
		ED08465021B006E700FABAC7 /* QuizUITests.xctest */ = {isa = PBXFileReference; explicitFileType = wrapper.cfbundle; includeInIndex = 0; path = QuizUITests.xctest; sourceTree = BUILT_PRODUCTS_DIR; };
		ED08465421B006E700FABAC7 /* QuizUITests.swift */ = {isa = PBXFileReference; lastKnownFileType = sourcecode.swift; path = QuizUITests.swift; sourceTree = "<group>"; };
		ED08465621B006E700FABAC7 /* Info.plist */ = {isa = PBXFileReference; lastKnownFileType = text.plist.xml; path = Info.plist; sourceTree = "<group>"; };
/* End PBXFileReference section */

/* Begin PBXFrameworksBuildPhase section */
		ED08462E21B006E500FABAC7 /* Frameworks */ = {
			isa = PBXFrameworksBuildPhase;
			buildActionMask = 2147483647;
			files = (
			);
			runOnlyForDeploymentPostprocessing = 0;
		};
		ED08464221B006E700FABAC7 /* Frameworks */ = {
			isa = PBXFrameworksBuildPhase;
			buildActionMask = 2147483647;
			files = (
			);
			runOnlyForDeploymentPostprocessing = 0;
		};
		ED08464D21B006E700FABAC7 /* Frameworks */ = {
			isa = PBXFrameworksBuildPhase;
			buildActionMask = 2147483647;
			files = (
			);
			runOnlyForDeploymentPostprocessing = 0;
		};
/* End PBXFrameworksBuildPhase section */

/* Begin PBXGroup section */
		ED08462821B006E500FABAC7 = {
			isa = PBXGroup;
			children = (
				ED08463321B006E500FABAC7 /* Quiz */,
				ED08464821B006E700FABAC7 /* QuizTests */,
				ED08465321B006E700FABAC7 /* QuizUITests */,
				ED08463221B006E500FABAC7 /* Products */,
			);
			sourceTree = "<group>";
		};
		ED08463221B006E500FABAC7 /* Products */ = {
			isa = PBXGroup;
			children = (
				ED08463121B006E500FABAC7 /* Quiz.app */,
				ED08464521B006E700FABAC7 /* QuizTests.xctest */,
				ED08465021B006E700FABAC7 /* QuizUITests.xctest */,
			);
			name = Products;
			sourceTree = "<group>";
		};
		ED08463321B006E500FABAC7 /* Quiz */ = {
			isa = PBXGroup;
			children = (
				ED08463421B006E500FABAC7 /* AppDelegate.swift */,
				ED08463621B006E500FABAC7 /* ViewController.swift */,
				ED08463821B006E500FABAC7 /* Main.storyboard */,
				ED08463B21B006E600FABAC7 /* Assets.xcassets */,
				ED08463D21B006E600FABAC7 /* LaunchScreen.storyboard */,
				ED08464021B006E700FABAC7 /* Info.plist */,
			);
			path = Quiz;
			sourceTree = "<group>";
		};
		ED08464821B006E700FABAC7 /* QuizTests */ = {
			isa = PBXGroup;
			children = (
				ED08464921B006E700FABAC7 /* QuizTests.swift */,
				ED08464B21B006E700FABAC7 /* Info.plist */,
			);
			path = QuizTests;
			sourceTree = "<group>";
		};
		ED08465321B006E700FABAC7 /* QuizUITests */ = {
			isa = PBXGroup;
			children = (
				ED08465421B006E700FABAC7 /* QuizUITests.swift */,
				ED08465621B006E700FABAC7 /* Info.plist */,
			);
			path = QuizUITests;
			sourceTree = "<group>";
		};
/* End PBXGroup section */

/* Begin PBXNativeTarget section */
		ED08463021B006E500FABAC7 /* Quiz */ = {
			isa = PBXNativeTarget;
			buildConfigurationList = ED08465921B006E700FABAC7 /* Build configuration list for PBXNativeTarget "Quiz" */;
			buildPhases = (
				ED08462D21B006E500FABAC7 /* Sources */,
				ED08462E21B006E500FABAC7 /* Frameworks */,
				ED08462F21B006E500FABAC7 /* Resources */,
			);
			buildRules = (
			);
			dependencies = (
			);
			name = Quiz;
			productName = Quiz;
			productReference = ED08463121B006E500FABAC7 /* Quiz.app */;
			productType = "com.apple.product-type.application";
		};
		ED08464421B006E700FABAC7 /* QuizTests */ = {
			isa = PBXNativeTarget;
			buildConfigurationList = ED08465C21B006E700FABAC7 /* Build configuration list for PBXNativeTarget "QuizTests" */;
			buildPhases = (
				ED08464121B006E700FABAC7 /* Sources */,
				ED08464221B006E700FABAC7 /* Frameworks */,
				ED08464321B006E700FABAC7 /* Resources */,
			);
			buildRules = (
			);
			dependencies = (
				ED08464721B006E700FABAC7 /* PBXTargetDependency */,
			);
			name = QuizTests;
			productName = QuizTests;
			productReference = ED08464521B006E700FABAC7 /* QuizTests.xctest */;
			productType = "com.apple.product-type.bundle.unit-test";
		};
		ED08464F21B006E700FABAC7 /* QuizUITests */ = {
			isa = PBXNativeTarget;
			buildConfigurationList = ED08465F21B006E700FABAC7 /* Build configuration list for PBXNativeTarget "QuizUITests" */;
			buildPhases = (
				ED08464C21B006E700FABAC7 /* Sources */,
				ED08464D21B006E700FABAC7 /* Frameworks */,
				ED08464E21B006E700FABAC7 /* Resources */,
			);
			buildRules = (
			);
			dependencies = (
				ED08465221B006E700FABAC7 /* PBXTargetDependency */,
			);
			name = QuizUITests;
			productName = QuizUITests;
			productReference = ED08465021B006E700FABAC7 /* QuizUITests.xctest */;
			productType = "com.apple.product-type.bundle.ui-testing";
		};
/* End PBXNativeTarget section */

/* Begin PBXProject section */
		ED08462921B006E500FABAC7 /* Project object */ = {
			isa = PBXProject;
			attributes = {
				LastSwiftUpdateCheck = 1010;
				LastUpgradeCheck = 1010;
				ORGANIZATIONNAME = "Németh Bendegúz";
				TargetAttributes = {
					ED08463021B006E500FABAC7 = {
						CreatedOnToolsVersion = 10.1;
					};
					ED08464421B006E700FABAC7 = {
						CreatedOnToolsVersion = 10.1;
						TestTargetID = ED08463021B006E500FABAC7;
					};
					ED08464F21B006E700FABAC7 = {
						CreatedOnToolsVersion = 10.1;
						TestTargetID = ED08463021B006E500FABAC7;
					};
				};
			};
			buildConfigurationList = ED08462C21B006E500FABAC7 /* Build configuration list for PBXProject "Quiz" */;
			compatibilityVersion = "Xcode 9.3";
			developmentRegion = en;
			hasScannedForEncodings = 0;
			knownRegions = (
				en,
				Base,
			);
			mainGroup = ED08462821B006E500FABAC7;
			productRefGroup = ED08463221B006E500FABAC7 /* Products */;
			projectDirPath = "";
			projectRoot = "";
			targets = (
				ED08463021B006E500FABAC7 /* Quiz */,
				ED08464421B006E700FABAC7 /* QuizTests */,
				ED08464F21B006E700FABAC7 /* QuizUITests */,
			);
		};
/* End PBXProject section */

/* Begin PBXResourcesBuildPhase section */
		ED08462F21B006E500FABAC7 /* Resources */ = {
			isa = PBXResourcesBuildPhase;
			buildActionMask = 2147483647;
			files = (
				ED08463F21B006E600FABAC7 /* LaunchScreen.storyboard in Resources */,
				ED08463C21B006E600FABAC7 /* Assets.xcassets in Resources */,
				ED08463A21B006E500FABAC7 /* Main.storyboard in Resources */,
			);
			runOnlyForDeploymentPostprocessing = 0;
		};
		ED08464321B006E700FABAC7 /* Resources */ = {
			isa = PBXResourcesBuildPhase;
			buildActionMask = 2147483647;
			files = (
			);
			runOnlyForDeploymentPostprocessing = 0;
		};
		ED08464E21B006E700FABAC7 /* Resources */ = {
			isa = PBXResourcesBuildPhase;
			buildActionMask = 2147483647;
			files = (
			);
			runOnlyForDeploymentPostprocessing = 0;
		};
/* End PBXResourcesBuildPhase section */

/* Begin PBXSourcesBuildPhase section */
		ED08462D21B006E500FABAC7 /* Sources */ = {
			isa = PBXSourcesBuildPhase;
			buildActionMask = 2147483647;
			files = (
				ED08463721B006E500FABAC7 /* ViewController.swift in Sources */,
				ED08463521B006E500FABAC7 /* AppDelegate.swift in Sources */,
			);
			runOnlyForDeploymentPostprocessing = 0;
		};
		ED08464121B006E700FABAC7 /* Sources */ = {
			isa = PBXSourcesBuildPhase;
			buildActionMask = 2147483647;
			files = (
				ED08464A21B006E700FABAC7 /* QuizTests.swift in Sources */,
			);
			runOnlyForDeploymentPostprocessing = 0;
		};
		ED08464C21B006E700FABAC7 /* Sources */ = {
			isa = PBXSourcesBuildPhase;
			buildActionMask = 2147483647;
			files = (
				ED08465521B006E700FABAC7 /* QuizUITests.swift in Sources */,
			);
			runOnlyForDeploymentPostprocessing = 0;
		};
/* End PBXSourcesBuildPhase section */

/* Begin PBXTargetDependency section */
		ED08464721B006E700FABAC7 /* PBXTargetDependency */ = {
			isa = PBXTargetDependency;
			target = ED08463021B006E500FABAC7 /* Quiz */;
			targetProxy = ED08464621B006E700FABAC7 /* PBXContainerItemProxy */;
		};
		ED08465221B006E700FABAC7 /* PBXTargetDependency */ = {
			isa = PBXTargetDependency;
			target = ED08463021B006E500FABAC7 /* Quiz */;
			targetProxy = ED08465121B006E700FABAC7 /* PBXContainerItemProxy */;
		};
/* End PBXTargetDependency section */

/* Begin PBXVariantGroup section */
		ED08463821B006E500FABAC7 /* Main.storyboard */ = {
			isa = PBXVariantGroup;
			children = (
				ED08463921B006E500FABAC7 /* Base */,
			);
			name = Main.storyboard;
			sourceTree = "<group>";
		};
		ED08463D21B006E600FABAC7 /* LaunchScreen.storyboard */ = {
			isa = PBXVariantGroup;
			children = (
				ED08463E21B006E600FABAC7 /* Base */,
			);
			name = LaunchScreen.storyboard;
			sourceTree = "<group>";
		};
/* End PBXVariantGroup section */

/* Begin XCBuildConfiguration section */
		ED08465721B006E700FABAC7 /* Debug */ = {
			isa = XCBuildConfiguration;
			buildSettings = {
				ALWAYS_SEARCH_USER_PATHS = NO;
				CLANG_ANALYZER_NONNULL = YES;
				CLANG_ANALYZER_NUMBER_OBJECT_CONVERSION = YES_AGGRESSIVE;
				CLANG_CXX_LANGUAGE_STANDARD = "gnu++14";
				CLANG_CXX_LIBRARY = "libc++";
				CLANG_ENABLE_MODULES = YES;
				CLANG_ENABLE_OBJC_ARC = YES;
				CLANG_ENABLE_OBJC_WEAK = YES;
				CLANG_WARN_BLOCK_CAPTURE_AUTORELEASING = YES;
				CLANG_WARN_BOOL_CONVERSION = YES;
				CLANG_WARN_COMMA = YES;
				CLANG_WARN_CONSTANT_CONVERSION = YES;
				CLANG_WARN_DEPRECATED_OBJC_IMPLEMENTATIONS = YES;
				CLANG_WARN_DIRECT_OBJC_ISA_USAGE = YES_ERROR;
				CLANG_WARN_DOCUMENTATION_COMMENTS = YES;
				CLANG_WARN_EMPTY_BODY = YES;
				CLANG_WARN_ENUM_CONVERSION = YES;
				CLANG_WARN_INFINITE_RECURSION = YES;
				CLANG_WARN_INT_CONVERSION = YES;
				CLANG_WARN_NON_LITERAL_NULL_CONVERSION = YES;
				CLANG_WARN_OBJC_IMPLICIT_RETAIN_SELF = YES;
				CLANG_WARN_OBJC_LITERAL_CONVERSION = YES;
				CLANG_WARN_OBJC_ROOT_CLASS = YES_ERROR;
				CLANG_WARN_RANGE_LOOP_ANALYSIS = YES;
				CLANG_WARN_STRICT_PROTOTYPES = YES;
				CLANG_WARN_SUSPICIOUS_MOVE = YES;
				CLANG_WARN_UNGUARDED_AVAILABILITY = YES_AGGRESSIVE;
				CLANG_WARN_UNREACHABLE_CODE = YES;
				CLANG_WARN__DUPLICATE_METHOD_MATCH = YES;
				CODE_SIGN_IDENTITY = "iPhone Developer";
				COPY_PHASE_STRIP = NO;
				DEBUG_INFORMATION_FORMAT = dwarf;
				ENABLE_STRICT_OBJC_MSGSEND = YES;
				ENABLE_TESTABILITY = YES;
				GCC_C_LANGUAGE_STANDARD = gnu11;
				GCC_DYNAMIC_NO_PIC = NO;
				GCC_NO_COMMON_BLOCKS = YES;
				GCC_OPTIMIZATION_LEVEL = 0;
				GCC_PREPROCESSOR_DEFINITIONS = (
					"DEBUG=1",
					"$(inherited)",
				);
				GCC_WARN_64_TO_32_BIT_CONVERSION = YES;
				GCC_WARN_ABOUT_RETURN_TYPE = YES_ERROR;
				GCC_WARN_UNDECLARED_SELECTOR = YES;
				GCC_WARN_UNINITIALIZED_AUTOS = YES_AGGRESSIVE;
				GCC_WARN_UNUSED_FUNCTION = YES;
				GCC_WARN_UNUSED_VARIABLE = YES;
				IPHONEOS_DEPLOYMENT_TARGET = 12.1;
				MTL_ENABLE_DEBUG_INFO = INCLUDE_SOURCE;
				MTL_FAST_MATH = YES;
				ONLY_ACTIVE_ARCH = YES;
				SDKROOT = iphoneos;
				SWIFT_ACTIVE_COMPILATION_CONDITIONS = DEBUG;
				SWIFT_OPTIMIZATION_LEVEL = "-Onone";
			};
			name = Debug;
		};
		ED08465821B006E700FABAC7 /* Release */ = {
			isa = XCBuildConfiguration;
			buildSettings = {
				ALWAYS_SEARCH_USER_PATHS = NO;
				CLANG_ANALYZER_NONNULL = YES;
				CLANG_ANALYZER_NUMBER_OBJECT_CONVERSION = YES_AGGRESSIVE;
				CLANG_CXX_LANGUAGE_STANDARD = "gnu++14";
				CLANG_CXX_LIBRARY = "libc++";
				CLANG_ENABLE_MODULES = YES;
				CLANG_ENABLE_OBJC_ARC = YES;
				CLANG_ENABLE_OBJC_WEAK = YES;
				CLANG_WARN_BLOCK_CAPTURE_AUTORELEASING = YES;
				CLANG_WARN_BOOL_CONVERSION = YES;
				CLANG_WARN_COMMA = YES;
				CLANG_WARN_CONSTANT_CONVERSION = YES;
				CLANG_WARN_DEPRECATED_OBJC_IMPLEMENTATIONS = YES;
				CLANG_WARN_DIRECT_OBJC_ISA_USAGE = YES_ERROR;
				CLANG_WARN_DOCUMENTATION_COMMENTS = YES;
				CLANG_WARN_EMPTY_BODY = YES;
				CLANG_WARN_ENUM_CONVERSION = YES;
				CLANG_WARN_INFINITE_RECURSION = YES;
				CLANG_WARN_INT_CONVERSION = YES;
				CLANG_WARN_NON_LITERAL_NULL_CONVERSION = YES;
				CLANG_WARN_OBJC_IMPLICIT_RETAIN_SELF = YES;
				CLANG_WARN_OBJC_LITERAL_CONVERSION = YES;
				CLANG_WARN_OBJC_ROOT_CLASS = YES_ERROR;
				CLANG_WARN_RANGE_LOOP_ANALYSIS = YES;
				CLANG_WARN_STRICT_PROTOTYPES = YES;
				CLANG_WARN_SUSPICIOUS_MOVE = YES;
				CLANG_WARN_UNGUARDED_AVAILABILITY = YES_AGGRESSIVE;
				CLANG_WARN_UNREACHABLE_CODE = YES;
				CLANG_WARN__DUPLICATE_METHOD_MATCH = YES;
				CODE_SIGN_IDENTITY = "iPhone Developer";
				COPY_PHASE_STRIP = NO;
				DEBUG_INFORMATION_FORMAT = "dwarf-with-dsym";
				ENABLE_NS_ASSERTIONS = NO;
				ENABLE_STRICT_OBJC_MSGSEND = YES;
				GCC_C_LANGUAGE_STANDARD = gnu11;
				GCC_NO_COMMON_BLOCKS = YES;
				GCC_WARN_64_TO_32_BIT_CONVERSION = YES;
				GCC_WARN_ABOUT_RETURN_TYPE = YES_ERROR;
				GCC_WARN_UNDECLARED_SELECTOR = YES;
				GCC_WARN_UNINITIALIZED_AUTOS = YES_AGGRESSIVE;
				GCC_WARN_UNUSED_FUNCTION = YES;
				GCC_WARN_UNUSED_VARIABLE = YES;
				IPHONEOS_DEPLOYMENT_TARGET = 12.1;
				MTL_ENABLE_DEBUG_INFO = NO;
				MTL_FAST_MATH = YES;
				SDKROOT = iphoneos;
				SWIFT_COMPILATION_MODE = wholemodule;
				SWIFT_OPTIMIZATION_LEVEL = "-O";
				VALIDATE_PRODUCT = YES;
			};
			name = Release;
		};
		ED08465A21B006E700FABAC7 /* Debug */ = {
			isa = XCBuildConfiguration;
			buildSettings = {
				ASSETCATALOG_COMPILER_APPICON_NAME = AppIcon;
				CODE_SIGN_STYLE = Automatic;
				DEVELOPMENT_TEAM = QBVG4UVN9M;
				INFOPLIST_FILE = Quiz/Info.plist;
				IPHONEOS_DEPLOYMENT_TARGET = 11.4;
				LD_RUNPATH_SEARCH_PATHS = (
					"$(inherited)",
					"@executable_path/Frameworks",
				);
				PRODUCT_BUNDLE_IDENTIFIER = com.n.bendeguz3.Quiz;
				PRODUCT_NAME = "$(TARGET_NAME)";
				SWIFT_VERSION = 4.2;
				TARGETED_DEVICE_FAMILY = "1,2";
			};
			name = Debug;
		};
		ED08465B21B006E700FABAC7 /* Release */ = {
			isa = XCBuildConfiguration;
			buildSettings = {
				ASSETCATALOG_COMPILER_APPICON_NAME = AppIcon;
				CODE_SIGN_STYLE = Automatic;
				DEVELOPMENT_TEAM = QBVG4UVN9M;
				INFOPLIST_FILE = Quiz/Info.plist;
				IPHONEOS_DEPLOYMENT_TARGET = 11.4;
				LD_RUNPATH_SEARCH_PATHS = (
					"$(inherited)",
					"@executable_path/Frameworks",
				);
				PRODUCT_BUNDLE_IDENTIFIER = com.n.bendeguz3.Quiz;
				PRODUCT_NAME = "$(TARGET_NAME)";
				SWIFT_VERSION = 4.2;
				TARGETED_DEVICE_FAMILY = "1,2";
			};
			name = Release;
		};
		ED08465D21B006E700FABAC7 /* Debug */ = {
			isa = XCBuildConfiguration;
			buildSettings = {
				ALWAYS_EMBED_SWIFT_STANDARD_LIBRARIES = YES;
				BUNDLE_LOADER = "$(TEST_HOST)";
				CODE_SIGN_STYLE = Automatic;
				DEVELOPMENT_TEAM = QBVG4UVN9M;
				INFOPLIST_FILE = QuizTests/Info.plist;
				LD_RUNPATH_SEARCH_PATHS = (
					"$(inherited)",
					"@executable_path/Frameworks",
					"@loader_path/Frameworks",
				);
				PRODUCT_BUNDLE_IDENTIFIER = com.n.bendeguz3.QuizTests;
				PRODUCT_NAME = "$(TARGET_NAME)";
				SWIFT_VERSION = 4.2;
				TARGETED_DEVICE_FAMILY = "1,2";
				TEST_HOST = "$(BUILT_PRODUCTS_DIR)/Quiz.app/Quiz";
			};
			name = Debug;
		};
		ED08465E21B006E700FABAC7 /* Release */ = {
			isa = XCBuildConfiguration;
			buildSettings = {
				ALWAYS_EMBED_SWIFT_STANDARD_LIBRARIES = YES;
				BUNDLE_LOADER = "$(TEST_HOST)";
				CODE_SIGN_STYLE = Automatic;
				DEVELOPMENT_TEAM = QBVG4UVN9M;
				INFOPLIST_FILE = QuizTests/Info.plist;
				LD_RUNPATH_SEARCH_PATHS = (
					"$(inherited)",
					"@executable_path/Frameworks",
					"@loader_path/Frameworks",
				);
				PRODUCT_BUNDLE_IDENTIFIER = com.n.bendeguz3.QuizTests;
				PRODUCT_NAME = "$(TARGET_NAME)";
				SWIFT_VERSION = 4.2;
				TARGETED_DEVICE_FAMILY = "1,2";
				TEST_HOST = "$(BUILT_PRODUCTS_DIR)/Quiz.app/Quiz";
			};
			name = Release;
		};
		ED08466021B006E700FABAC7 /* Debug */ = {
			isa = XCBuildConfiguration;
			buildSettings = {
				ALWAYS_EMBED_SWIFT_STANDARD_LIBRARIES = YES;
				CODE_SIGN_STYLE = Automatic;
				DEVELOPMENT_TEAM = QBVG4UVN9M;
				INFOPLIST_FILE = QuizUITests/Info.plist;
				LD_RUNPATH_SEARCH_PATHS = (
					"$(inherited)",
					"@executable_path/Frameworks",
					"@loader_path/Frameworks",
				);
				PRODUCT_BUNDLE_IDENTIFIER = com.n.bendeguz3.QuizUITests;
				PRODUCT_NAME = "$(TARGET_NAME)";
				SWIFT_VERSION = 4.2;
				TARGETED_DEVICE_FAMILY = "1,2";
				TEST_TARGET_NAME = Quiz;
			};
			name = Debug;
		};
		ED08466121B006E700FABAC7 /* Release */ = {
			isa = XCBuildConfiguration;
			buildSettings = {
				ALWAYS_EMBED_SWIFT_STANDARD_LIBRARIES = YES;
				CODE_SIGN_STYLE = Automatic;
				DEVELOPMENT_TEAM = QBVG4UVN9M;
				INFOPLIST_FILE = QuizUITests/Info.plist;
				LD_RUNPATH_SEARCH_PATHS = (
					"$(inherited)",
					"@executable_path/Frameworks",
					"@loader_path/Frameworks",
				);
				PRODUCT_BUNDLE_IDENTIFIER = com.n.bendeguz3.QuizUITests;
				PRODUCT_NAME = "$(TARGET_NAME)";
				SWIFT_VERSION = 4.2;
				TARGETED_DEVICE_FAMILY = "1,2";
				TEST_TARGET_NAME = Quiz;
			};
			name = Release;
		};
/* End XCBuildConfiguration section */

/* Begin XCConfigurationList section */
		ED08462C21B006E500FABAC7 /* Build configuration list for PBXProject "Quiz" */ = {
			isa = XCConfigurationList;
			buildConfigurations = (
				ED08465721B006E700FABAC7 /* Debug */,
				ED08465821B006E700FABAC7 /* Release */,
			);
			defaultConfigurationIsVisible = 0;
			defaultConfigurationName = Release;
		};
		ED08465921B006E700FABAC7 /* Build configuration list for PBXNativeTarget "Quiz" */ = {
			isa = XCConfigurationList;
			buildConfigurations = (
				ED08465A21B006E700FABAC7 /* Debug */,
				ED08465B21B006E700FABAC7 /* Release */,
			);
			defaultConfigurationIsVisible = 0;
			defaultConfigurationName = Release;
		};
		ED08465C21B006E700FABAC7 /* Build configuration list for PBXNativeTarget "QuizTests" */ = {
			isa = XCConfigurationList;
			buildConfigurations = (
				ED08465D21B006E700FABAC7 /* Debug */,
				ED08465E21B006E700FABAC7 /* Release */,
			);
			defaultConfigurationIsVisible = 0;
			defaultConfigurationName = Release;
		};
		ED08465F21B006E700FABAC7 /* Build configuration list for PBXNativeTarget "QuizUITests" */ = {
			isa = XCConfigurationList;
			buildConfigurations = (
				ED08466021B006E700FABAC7 /* Debug */,
				ED08466121B006E700FABAC7 /* Release */,
			);
			defaultConfigurationIsVisible = 0;
			defaultConfigurationName = Release;
		};
/* End XCConfigurationList section */
	};
	rootObject = ED08462921B006E500FABAC7 /* Project object */;
}
