// !$*UTF8*$!
{
	archiveVersion = 1;
	classes = {
	};
	objectVersion = 50;
	objects = {

/* Begin PBXBuildFile section */
		EDD3332F21D78235009FC77D /* AppDelegate.swift in Sources */ = {isa = PBXBuildFile; fileRef = EDD3332E21D78235009FC77D /* AppDelegate.swift */; };
		EDD3333421D78235009FC77D /* Main.storyboard in Resources */ = {isa = PBXBuildFile; fileRef = EDD3333221D78235009FC77D /* Main.storyboard */; };
		EDD3333621D78237009FC77D /* Assets.xcassets in Resources */ = {isa = PBXBuildFile; fileRef = EDD3333521D78237009FC77D /* Assets.xcassets */; };
		EDD3333921D78237009FC77D /* LaunchScreen.storyboard in Resources */ = {isa = PBXBuildFile; fileRef = EDD3333721D78237009FC77D /* LaunchScreen.storyboard */; };
		EDD3334421D78237009FC77D /* PhotoramaTests.swift in Sources */ = {isa = PBXBuildFile; fileRef = EDD3334321D78237009FC77D /* PhotoramaTests.swift */; };
		EDD3334F21D78237009FC77D /* PhotoramaUITests.swift in Sources */ = {isa = PBXBuildFile; fileRef = EDD3334E21D78237009FC77D /* PhotoramaUITests.swift */; };
		EDD3335D21D78408009FC77D /* PhotosViewController.swift in Sources */ = {isa = PBXBuildFile; fileRef = EDD3335C21D78408009FC77D /* PhotosViewController.swift */; };
		EDD3335F21D78DC1009FC77D /* FlickrAPI.swift in Sources */ = {isa = PBXBuildFile; fileRef = EDD3335E21D78DC1009FC77D /* FlickrAPI.swift */; };
		EDD3336121DCA7FA009FC77D /* PhotoStore.swift in Sources */ = {isa = PBXBuildFile; fileRef = EDD3336021DCA7FA009FC77D /* PhotoStore.swift */; };
		EDD3336321DCBB64009FC77D /* Photo.swift in Sources */ = {isa = PBXBuildFile; fileRef = EDD3336221DCBB64009FC77D /* Photo.swift */; };
/* End PBXBuildFile section */

/* Begin PBXContainerItemProxy section */
		EDD3334021D78237009FC77D /* PBXContainerItemProxy */ = {
			isa = PBXContainerItemProxy;
			containerPortal = EDD3332321D78235009FC77D /* Project object */;
			proxyType = 1;
			remoteGlobalIDString = EDD3332A21D78235009FC77D;
			remoteInfo = Photorama;
		};
		EDD3334B21D78237009FC77D /* PBXContainerItemProxy */ = {
			isa = PBXContainerItemProxy;
			containerPortal = EDD3332321D78235009FC77D /* Project object */;
			proxyType = 1;
			remoteGlobalIDString = EDD3332A21D78235009FC77D;
			remoteInfo = Photorama;
		};
/* End PBXContainerItemProxy section */

/* Begin PBXFileReference section */
		EDD3332B21D78235009FC77D /* Photorama.app */ = {isa = PBXFileReference; explicitFileType = wrapper.application; includeInIndex = 0; path = Photorama.app; sourceTree = BUILT_PRODUCTS_DIR; };
		EDD3332E21D78235009FC77D /* AppDelegate.swift */ = {isa = PBXFileReference; lastKnownFileType = sourcecode.swift; path = AppDelegate.swift; sourceTree = "<group>"; };
		EDD3333321D78235009FC77D /* Base */ = {isa = PBXFileReference; lastKnownFileType = file.storyboard; name = Base; path = Base.lproj/Main.storyboard; sourceTree = "<group>"; };
		EDD3333521D78237009FC77D /* Assets.xcassets */ = {isa = PBXFileReference; lastKnownFileType = folder.assetcatalog; path = Assets.xcassets; sourceTree = "<group>"; };
		EDD3333821D78237009FC77D /* Base */ = {isa = PBXFileReference; lastKnownFileType = file.storyboard; name = Base; path = Base.lproj/LaunchScreen.storyboard; sourceTree = "<group>"; };
		EDD3333A21D78237009FC77D /* Info.plist */ = {isa = PBXFileReference; lastKnownFileType = text.plist.xml; path = Info.plist; sourceTree = "<group>"; };
		EDD3333F21D78237009FC77D /* PhotoramaTests.xctest */ = {isa = PBXFileReference; explicitFileType = wrapper.cfbundle; includeInIndex = 0; path = PhotoramaTests.xctest; sourceTree = BUILT_PRODUCTS_DIR; };
		EDD3334321D78237009FC77D /* PhotoramaTests.swift */ = {isa = PBXFileReference; lastKnownFileType = sourcecode.swift; path = PhotoramaTests.swift; sourceTree = "<group>"; };
		EDD3334521D78237009FC77D /* Info.plist */ = {isa = PBXFileReference; lastKnownFileType = text.plist.xml; path = Info.plist; sourceTree = "<group>"; };
		EDD3334A21D78237009FC77D /* PhotoramaUITests.xctest */ = {isa = PBXFileReference; explicitFileType = wrapper.cfbundle; includeInIndex = 0; path = PhotoramaUITests.xctest; sourceTree = BUILT_PRODUCTS_DIR; };
		EDD3334E21D78237009FC77D /* PhotoramaUITests.swift */ = {isa = PBXFileReference; lastKnownFileType = sourcecode.swift; path = PhotoramaUITests.swift; sourceTree = "<group>"; };
		EDD3335021D78237009FC77D /* Info.plist */ = {isa = PBXFileReference; lastKnownFileType = text.plist.xml; path = Info.plist; sourceTree = "<group>"; };
		EDD3335C21D78408009FC77D /* PhotosViewController.swift */ = {isa = PBXFileReference; lastKnownFileType = sourcecode.swift; path = PhotosViewController.swift; sourceTree = "<group>"; };
		EDD3335E21D78DC1009FC77D /* FlickrAPI.swift */ = {isa = PBXFileReference; lastKnownFileType = sourcecode.swift; path = FlickrAPI.swift; sourceTree = "<group>"; };
		EDD3336021DCA7FA009FC77D /* PhotoStore.swift */ = {isa = PBXFileReference; lastKnownFileType = sourcecode.swift; path = PhotoStore.swift; sourceTree = "<group>"; };
		EDD3336221DCBB64009FC77D /* Photo.swift */ = {isa = PBXFileReference; lastKnownFileType = sourcecode.swift; path = Photo.swift; sourceTree = "<group>"; };
/* End PBXFileReference section */

/* Begin PBXFrameworksBuildPhase section */
		EDD3332821D78235009FC77D /* Frameworks */ = {
			isa = PBXFrameworksBuildPhase;
			buildActionMask = 2147483647;
			files = (
			);
			runOnlyForDeploymentPostprocessing = 0;
		};
		EDD3333C21D78237009FC77D /* Frameworks */ = {
			isa = PBXFrameworksBuildPhase;
			buildActionMask = 2147483647;
			files = (
			);
			runOnlyForDeploymentPostprocessing = 0;
		};
		EDD3334721D78237009FC77D /* Frameworks */ = {
			isa = PBXFrameworksBuildPhase;
			buildActionMask = 2147483647;
			files = (
			);
			runOnlyForDeploymentPostprocessing = 0;
		};
/* End PBXFrameworksBuildPhase section */

/* Begin PBXGroup section */
		EDD3332221D78235009FC77D = {
			isa = PBXGroup;
			children = (
				EDD3332D21D78235009FC77D /* Photorama */,
				EDD3334221D78237009FC77D /* PhotoramaTests */,
				EDD3334D21D78237009FC77D /* PhotoramaUITests */,
				EDD3332C21D78235009FC77D /* Products */,
			);
			sourceTree = "<group>";
		};
		EDD3332C21D78235009FC77D /* Products */ = {
			isa = PBXGroup;
			children = (
				EDD3332B21D78235009FC77D /* Photorama.app */,
				EDD3333F21D78237009FC77D /* PhotoramaTests.xctest */,
				EDD3334A21D78237009FC77D /* PhotoramaUITests.xctest */,
			);
			name = Products;
			sourceTree = "<group>";
		};
		EDD3332D21D78235009FC77D /* Photorama */ = {
			isa = PBXGroup;
			children = (
				EDD3332E21D78235009FC77D /* AppDelegate.swift */,
				EDD3335C21D78408009FC77D /* PhotosViewController.swift */,
				EDD3333221D78235009FC77D /* Main.storyboard */,
				EDD3336221DCBB64009FC77D /* Photo.swift */,
				EDD3335E21D78DC1009FC77D /* FlickrAPI.swift */,
				EDD3336021DCA7FA009FC77D /* PhotoStore.swift */,
				EDD3333521D78237009FC77D /* Assets.xcassets */,
				EDD3333721D78237009FC77D /* LaunchScreen.storyboard */,
				EDD3333A21D78237009FC77D /* Info.plist */,
			);
			path = Photorama;
			sourceTree = "<group>";
		};
		EDD3334221D78237009FC77D /* PhotoramaTests */ = {
			isa = PBXGroup;
			children = (
				EDD3334321D78237009FC77D /* PhotoramaTests.swift */,
				EDD3334521D78237009FC77D /* Info.plist */,
			);
			path = PhotoramaTests;
			sourceTree = "<group>";
		};
		EDD3334D21D78237009FC77D /* PhotoramaUITests */ = {
			isa = PBXGroup;
			children = (
				EDD3334E21D78237009FC77D /* PhotoramaUITests.swift */,
				EDD3335021D78237009FC77D /* Info.plist */,
			);
			path = PhotoramaUITests;
			sourceTree = "<group>";
		};
/* End PBXGroup section */

/* Begin PBXNativeTarget section */
		EDD3332A21D78235009FC77D /* Photorama */ = {
			isa = PBXNativeTarget;
			buildConfigurationList = EDD3335321D78237009FC77D /* Build configuration list for PBXNativeTarget "Photorama" */;
			buildPhases = (
				EDD3332721D78235009FC77D /* Sources */,
				EDD3332821D78235009FC77D /* Frameworks */,
				EDD3332921D78235009FC77D /* Resources */,
			);
			buildRules = (
			);
			dependencies = (
			);
			name = Photorama;
			productName = Photorama;
			productReference = EDD3332B21D78235009FC77D /* Photorama.app */;
			productType = "com.apple.product-type.application";
		};
		EDD3333E21D78237009FC77D /* PhotoramaTests */ = {
			isa = PBXNativeTarget;
			buildConfigurationList = EDD3335621D78237009FC77D /* Build configuration list for PBXNativeTarget "PhotoramaTests" */;
			buildPhases = (
				EDD3333B21D78237009FC77D /* Sources */,
				EDD3333C21D78237009FC77D /* Frameworks */,
				EDD3333D21D78237009FC77D /* Resources */,
			);
			buildRules = (
			);
			dependencies = (
				EDD3334121D78237009FC77D /* PBXTargetDependency */,
			);
			name = PhotoramaTests;
			productName = PhotoramaTests;
			productReference = EDD3333F21D78237009FC77D /* PhotoramaTests.xctest */;
			productType = "com.apple.product-type.bundle.unit-test";
		};
		EDD3334921D78237009FC77D /* PhotoramaUITests */ = {
			isa = PBXNativeTarget;
			buildConfigurationList = EDD3335921D78237009FC77D /* Build configuration list for PBXNativeTarget "PhotoramaUITests" */;
			buildPhases = (
				EDD3334621D78237009FC77D /* Sources */,
				EDD3334721D78237009FC77D /* Frameworks */,
				EDD3334821D78237009FC77D /* Resources */,
			);
			buildRules = (
			);
			dependencies = (
				EDD3334C21D78237009FC77D /* PBXTargetDependency */,
			);
			name = PhotoramaUITests;
			productName = PhotoramaUITests;
			productReference = EDD3334A21D78237009FC77D /* PhotoramaUITests.xctest */;
			productType = "com.apple.product-type.bundle.ui-testing";
		};
/* End PBXNativeTarget section */

/* Begin PBXProject section */
		EDD3332321D78235009FC77D /* Project object */ = {
			isa = PBXProject;
			attributes = {
				LastSwiftUpdateCheck = 1010;
				LastUpgradeCheck = 1010;
				ORGANIZATIONNAME = "Németh Bendegúz";
				TargetAttributes = {
					EDD3332A21D78235009FC77D = {
						CreatedOnToolsVersion = 10.1;
					};
					EDD3333E21D78237009FC77D = {
						CreatedOnToolsVersion = 10.1;
						TestTargetID = EDD3332A21D78235009FC77D;
					};
					EDD3334921D78237009FC77D = {
						CreatedOnToolsVersion = 10.1;
						TestTargetID = EDD3332A21D78235009FC77D;
					};
				};
			};
			buildConfigurationList = EDD3332621D78235009FC77D /* Build configuration list for PBXProject "Photorama" */;
			compatibilityVersion = "Xcode 9.3";
			developmentRegion = en;
			hasScannedForEncodings = 0;
			knownRegions = (
				en,
				Base,
			);
			mainGroup = EDD3332221D78235009FC77D;
			productRefGroup = EDD3332C21D78235009FC77D /* Products */;
			projectDirPath = "";
			projectRoot = "";
			targets = (
				EDD3332A21D78235009FC77D /* Photorama */,
				EDD3333E21D78237009FC77D /* PhotoramaTests */,
				EDD3334921D78237009FC77D /* PhotoramaUITests */,
			);
		};
/* End PBXProject section */

/* Begin PBXResourcesBuildPhase section */
		EDD3332921D78235009FC77D /* Resources */ = {
			isa = PBXResourcesBuildPhase;
			buildActionMask = 2147483647;
			files = (
				EDD3333921D78237009FC77D /* LaunchScreen.storyboard in Resources */,
				EDD3333621D78237009FC77D /* Assets.xcassets in Resources */,
				EDD3333421D78235009FC77D /* Main.storyboard in Resources */,
			);
			runOnlyForDeploymentPostprocessing = 0;
		};
		EDD3333D21D78237009FC77D /* Resources */ = {
			isa = PBXResourcesBuildPhase;
			buildActionMask = 2147483647;
			files = (
			);
			runOnlyForDeploymentPostprocessing = 0;
		};
		EDD3334821D78237009FC77D /* Resources */ = {
			isa = PBXResourcesBuildPhase;
			buildActionMask = 2147483647;
			files = (
			);
			runOnlyForDeploymentPostprocessing = 0;
		};
/* End PBXResourcesBuildPhase section */

/* Begin PBXSourcesBuildPhase section */
		EDD3332721D78235009FC77D /* Sources */ = {
			isa = PBXSourcesBuildPhase;
			buildActionMask = 2147483647;
			files = (
				EDD3335F21D78DC1009FC77D /* FlickrAPI.swift in Sources */,
				EDD3335D21D78408009FC77D /* PhotosViewController.swift in Sources */,
				EDD3336121DCA7FA009FC77D /* PhotoStore.swift in Sources */,
				EDD3332F21D78235009FC77D /* AppDelegate.swift in Sources */,
				EDD3336321DCBB64009FC77D /* Photo.swift in Sources */,
			);
			runOnlyForDeploymentPostprocessing = 0;
		};
		EDD3333B21D78237009FC77D /* Sources */ = {
			isa = PBXSourcesBuildPhase;
			buildActionMask = 2147483647;
			files = (
				EDD3334421D78237009FC77D /* PhotoramaTests.swift in Sources */,
			);
			runOnlyForDeploymentPostprocessing = 0;
		};
		EDD3334621D78237009FC77D /* Sources */ = {
			isa = PBXSourcesBuildPhase;
			buildActionMask = 2147483647;
			files = (
				EDD3334F21D78237009FC77D /* PhotoramaUITests.swift in Sources */,
			);
			runOnlyForDeploymentPostprocessing = 0;
		};
/* End PBXSourcesBuildPhase section */

/* Begin PBXTargetDependency section */
		EDD3334121D78237009FC77D /* PBXTargetDependency */ = {
			isa = PBXTargetDependency;
			target = EDD3332A21D78235009FC77D /* Photorama */;
			targetProxy = EDD3334021D78237009FC77D /* PBXContainerItemProxy */;
		};
		EDD3334C21D78237009FC77D /* PBXTargetDependency */ = {
			isa = PBXTargetDependency;
			target = EDD3332A21D78235009FC77D /* Photorama */;
			targetProxy = EDD3334B21D78237009FC77D /* PBXContainerItemProxy */;
		};
/* End PBXTargetDependency section */

/* Begin PBXVariantGroup section */
		EDD3333221D78235009FC77D /* Main.storyboard */ = {
			isa = PBXVariantGroup;
			children = (
				EDD3333321D78235009FC77D /* Base */,
			);
			name = Main.storyboard;
			sourceTree = "<group>";
		};
		EDD3333721D78237009FC77D /* LaunchScreen.storyboard */ = {
			isa = PBXVariantGroup;
			children = (
				EDD3333821D78237009FC77D /* Base */,
			);
			name = LaunchScreen.storyboard;
			sourceTree = "<group>";
		};
/* End PBXVariantGroup section */

/* Begin XCBuildConfiguration section */
		EDD3335121D78237009FC77D /* Debug */ = {
			isa = XCBuildConfiguration;
			buildSettings = {
				ALWAYS_SEARCH_USER_PATHS = NO;
				CLANG_ANALYZER_NONNULL = YES;
				CLANG_ANALYZER_NUMBER_OBJECT_CONVERSION = YES_AGGRESSIVE;
				CLANG_CXX_LANGUAGE_STANDARD = "gnu++14";
				CLANG_CXX_LIBRARY = "libc++";
				CLANG_ENABLE_MODULES = YES;
				CLANG_ENABLE_OBJC_ARC = YES;
				CLANG_ENABLE_OBJC_WEAK = YES;
				CLANG_WARN_BLOCK_CAPTURE_AUTORELEASING = YES;
				CLANG_WARN_BOOL_CONVERSION = YES;
				CLANG_WARN_COMMA = YES;
				CLANG_WARN_CONSTANT_CONVERSION = YES;
				CLANG_WARN_DEPRECATED_OBJC_IMPLEMENTATIONS = YES;
				CLANG_WARN_DIRECT_OBJC_ISA_USAGE = YES_ERROR;
				CLANG_WARN_DOCUMENTATION_COMMENTS = YES;
				CLANG_WARN_EMPTY_BODY = YES;
				CLANG_WARN_ENUM_CONVERSION = YES;
				CLANG_WARN_INFINITE_RECURSION = YES;
				CLANG_WARN_INT_CONVERSION = YES;
				CLANG_WARN_NON_LITERAL_NULL_CONVERSION = YES;
				CLANG_WARN_OBJC_IMPLICIT_RETAIN_SELF = YES;
				CLANG_WARN_OBJC_LITERAL_CONVERSION = YES;
				CLANG_WARN_OBJC_ROOT_CLASS = YES_ERROR;
				CLANG_WARN_RANGE_LOOP_ANALYSIS = YES;
				CLANG_WARN_STRICT_PROTOTYPES = YES;
				CLANG_WARN_SUSPICIOUS_MOVE = YES;
				CLANG_WARN_UNGUARDED_AVAILABILITY = YES_AGGRESSIVE;
				CLANG_WARN_UNREACHABLE_CODE = YES;
				CLANG_WARN__DUPLICATE_METHOD_MATCH = YES;
				CODE_SIGN_IDENTITY = "iPhone Developer";
				COPY_PHASE_STRIP = NO;
				DEBUG_INFORMATION_FORMAT = dwarf;
				ENABLE_STRICT_OBJC_MSGSEND = YES;
				ENABLE_TESTABILITY = YES;
				GCC_C_LANGUAGE_STANDARD = gnu11;
				GCC_DYNAMIC_NO_PIC = NO;
				GCC_NO_COMMON_BLOCKS = YES;
				GCC_OPTIMIZATION_LEVEL = 0;
				GCC_PREPROCESSOR_DEFINITIONS = (
					"DEBUG=1",
					"$(inherited)",
				);
				GCC_WARN_64_TO_32_BIT_CONVERSION = YES;
				GCC_WARN_ABOUT_RETURN_TYPE = YES_ERROR;
				GCC_WARN_UNDECLARED_SELECTOR = YES;
				GCC_WARN_UNINITIALIZED_AUTOS = YES_AGGRESSIVE;
				GCC_WARN_UNUSED_FUNCTION = YES;
				GCC_WARN_UNUSED_VARIABLE = YES;
				IPHONEOS_DEPLOYMENT_TARGET = 12.1;
				MTL_ENABLE_DEBUG_INFO = INCLUDE_SOURCE;
				MTL_FAST_MATH = YES;
				ONLY_ACTIVE_ARCH = YES;
				SDKROOT = iphoneos;
				SWIFT_ACTIVE_COMPILATION_CONDITIONS = DEBUG;
				SWIFT_OPTIMIZATION_LEVEL = "-Onone";
			};
			name = Debug;
		};
		EDD3335221D78237009FC77D /* Release */ = {
			isa = XCBuildConfiguration;
			buildSettings = {
				ALWAYS_SEARCH_USER_PATHS = NO;
				CLANG_ANALYZER_NONNULL = YES;
				CLANG_ANALYZER_NUMBER_OBJECT_CONVERSION = YES_AGGRESSIVE;
				CLANG_CXX_LANGUAGE_STANDARD = "gnu++14";
				CLANG_CXX_LIBRARY = "libc++";
				CLANG_ENABLE_MODULES = YES;
				CLANG_ENABLE_OBJC_ARC = YES;
				CLANG_ENABLE_OBJC_WEAK = YES;
				CLANG_WARN_BLOCK_CAPTURE_AUTORELEASING = YES;
				CLANG_WARN_BOOL_CONVERSION = YES;
				CLANG_WARN_COMMA = YES;
				CLANG_WARN_CONSTANT_CONVERSION = YES;
				CLANG_WARN_DEPRECATED_OBJC_IMPLEMENTATIONS = YES;
				CLANG_WARN_DIRECT_OBJC_ISA_USAGE = YES_ERROR;
				CLANG_WARN_DOCUMENTATION_COMMENTS = YES;
				CLANG_WARN_EMPTY_BODY = YES;
				CLANG_WARN_ENUM_CONVERSION = YES;
				CLANG_WARN_INFINITE_RECURSION = YES;
				CLANG_WARN_INT_CONVERSION = YES;
				CLANG_WARN_NON_LITERAL_NULL_CONVERSION = YES;
				CLANG_WARN_OBJC_IMPLICIT_RETAIN_SELF = YES;
				CLANG_WARN_OBJC_LITERAL_CONVERSION = YES;
				CLANG_WARN_OBJC_ROOT_CLASS = YES_ERROR;
				CLANG_WARN_RANGE_LOOP_ANALYSIS = YES;
				CLANG_WARN_STRICT_PROTOTYPES = YES;
				CLANG_WARN_SUSPICIOUS_MOVE = YES;
				CLANG_WARN_UNGUARDED_AVAILABILITY = YES_AGGRESSIVE;
				CLANG_WARN_UNREACHABLE_CODE = YES;
				CLANG_WARN__DUPLICATE_METHOD_MATCH = YES;
				CODE_SIGN_IDENTITY = "iPhone Developer";
				COPY_PHASE_STRIP = NO;
				DEBUG_INFORMATION_FORMAT = "dwarf-with-dsym";
				ENABLE_NS_ASSERTIONS = NO;
				ENABLE_STRICT_OBJC_MSGSEND = YES;
				GCC_C_LANGUAGE_STANDARD = gnu11;
				GCC_NO_COMMON_BLOCKS = YES;
				GCC_WARN_64_TO_32_BIT_CONVERSION = YES;
				GCC_WARN_ABOUT_RETURN_TYPE = YES_ERROR;
				GCC_WARN_UNDECLARED_SELECTOR = YES;
				GCC_WARN_UNINITIALIZED_AUTOS = YES_AGGRESSIVE;
				GCC_WARN_UNUSED_FUNCTION = YES;
				GCC_WARN_UNUSED_VARIABLE = YES;
				IPHONEOS_DEPLOYMENT_TARGET = 12.1;
				MTL_ENABLE_DEBUG_INFO = NO;
				MTL_FAST_MATH = YES;
				SDKROOT = iphoneos;
				SWIFT_COMPILATION_MODE = wholemodule;
				SWIFT_OPTIMIZATION_LEVEL = "-O";
				VALIDATE_PRODUCT = YES;
			};
			name = Release;
		};
		EDD3335421D78237009FC77D /* Debug */ = {
			isa = XCBuildConfiguration;
			buildSettings = {
				ASSETCATALOG_COMPILER_APPICON_NAME = AppIcon;
				CODE_SIGN_STYLE = Automatic;
				DEVELOPMENT_TEAM = QBVG4UVN9M;
				INFOPLIST_FILE = Photorama/Info.plist;
				IPHONEOS_DEPLOYMENT_TARGET = 11.0;
				LD_RUNPATH_SEARCH_PATHS = (
					"$(inherited)",
					"@executable_path/Frameworks",
				);
				PRODUCT_BUNDLE_IDENTIFIER = com.n.bendeguz3.Photorama;
				PRODUCT_NAME = "$(TARGET_NAME)";
				SWIFT_VERSION = 4.2;
				TARGETED_DEVICE_FAMILY = "1,2";
			};
			name = Debug;
		};
		EDD3335521D78237009FC77D /* Release */ = {
			isa = XCBuildConfiguration;
			buildSettings = {
				ASSETCATALOG_COMPILER_APPICON_NAME = AppIcon;
				CODE_SIGN_STYLE = Automatic;
				DEVELOPMENT_TEAM = QBVG4UVN9M;
				INFOPLIST_FILE = Photorama/Info.plist;
				IPHONEOS_DEPLOYMENT_TARGET = 11.0;
				LD_RUNPATH_SEARCH_PATHS = (
					"$(inherited)",
					"@executable_path/Frameworks",
				);
				PRODUCT_BUNDLE_IDENTIFIER = com.n.bendeguz3.Photorama;
				PRODUCT_NAME = "$(TARGET_NAME)";
				SWIFT_VERSION = 4.2;
				TARGETED_DEVICE_FAMILY = "1,2";
			};
			name = Release;
		};
		EDD3335721D78237009FC77D /* Debug */ = {
			isa = XCBuildConfiguration;
			buildSettings = {
				ALWAYS_EMBED_SWIFT_STANDARD_LIBRARIES = YES;
				BUNDLE_LOADER = "$(TEST_HOST)";
				CODE_SIGN_STYLE = Automatic;
				DEVELOPMENT_TEAM = QBVG4UVN9M;
				INFOPLIST_FILE = PhotoramaTests/Info.plist;
				LD_RUNPATH_SEARCH_PATHS = (
					"$(inherited)",
					"@executable_path/Frameworks",
					"@loader_path/Frameworks",
				);
				PRODUCT_BUNDLE_IDENTIFIER = com.n.bendeguz3.PhotoramaTests;
				PRODUCT_NAME = "$(TARGET_NAME)";
				SWIFT_VERSION = 4.2;
				TARGETED_DEVICE_FAMILY = "1,2";
				TEST_HOST = "$(BUILT_PRODUCTS_DIR)/Photorama.app/Photorama";
			};
			name = Debug;
		};
		EDD3335821D78237009FC77D /* Release */ = {
			isa = XCBuildConfiguration;
			buildSettings = {
				ALWAYS_EMBED_SWIFT_STANDARD_LIBRARIES = YES;
				BUNDLE_LOADER = "$(TEST_HOST)";
				CODE_SIGN_STYLE = Automatic;
				DEVELOPMENT_TEAM = QBVG4UVN9M;
				INFOPLIST_FILE = PhotoramaTests/Info.plist;
				LD_RUNPATH_SEARCH_PATHS = (
					"$(inherited)",
					"@executable_path/Frameworks",
					"@loader_path/Frameworks",
				);
				PRODUCT_BUNDLE_IDENTIFIER = com.n.bendeguz3.PhotoramaTests;
				PRODUCT_NAME = "$(TARGET_NAME)";
				SWIFT_VERSION = 4.2;
				TARGETED_DEVICE_FAMILY = "1,2";
				TEST_HOST = "$(BUILT_PRODUCTS_DIR)/Photorama.app/Photorama";
			};
			name = Release;
		};
		EDD3335A21D78237009FC77D /* Debug */ = {
			isa = XCBuildConfiguration;
			buildSettings = {
				ALWAYS_EMBED_SWIFT_STANDARD_LIBRARIES = YES;
				CODE_SIGN_STYLE = Automatic;
				DEVELOPMENT_TEAM = QBVG4UVN9M;
				INFOPLIST_FILE = PhotoramaUITests/Info.plist;
				LD_RUNPATH_SEARCH_PATHS = (
					"$(inherited)",
					"@executable_path/Frameworks",
					"@loader_path/Frameworks",
				);
				PRODUCT_BUNDLE_IDENTIFIER = com.n.bendeguz3.PhotoramaUITests;
				PRODUCT_NAME = "$(TARGET_NAME)";
				SWIFT_VERSION = 4.2;
				TARGETED_DEVICE_FAMILY = "1,2";
				TEST_TARGET_NAME = Photorama;
			};
			name = Debug;
		};
		EDD3335B21D78237009FC77D /* Release */ = {
			isa = XCBuildConfiguration;
			buildSettings = {
				ALWAYS_EMBED_SWIFT_STANDARD_LIBRARIES = YES;
				CODE_SIGN_STYLE = Automatic;
				DEVELOPMENT_TEAM = QBVG4UVN9M;
				INFOPLIST_FILE = PhotoramaUITests/Info.plist;
				LD_RUNPATH_SEARCH_PATHS = (
					"$(inherited)",
					"@executable_path/Frameworks",
					"@loader_path/Frameworks",
				);
				PRODUCT_BUNDLE_IDENTIFIER = com.n.bendeguz3.PhotoramaUITests;
				PRODUCT_NAME = "$(TARGET_NAME)";
				SWIFT_VERSION = 4.2;
				TARGETED_DEVICE_FAMILY = "1,2";
				TEST_TARGET_NAME = Photorama;
			};
			name = Release;
		};
/* End XCBuildConfiguration section */

/* Begin XCConfigurationList section */
		EDD3332621D78235009FC77D /* Build configuration list for PBXProject "Photorama" */ = {
			isa = XCConfigurationList;
			buildConfigurations = (
				EDD3335121D78237009FC77D /* Debug */,
				EDD3335221D78237009FC77D /* Release */,
			);
			defaultConfigurationIsVisible = 0;
			defaultConfigurationName = Release;
		};
		EDD3335321D78237009FC77D /* Build configuration list for PBXNativeTarget "Photorama" */ = {
			isa = XCConfigurationList;
			buildConfigurations = (
				EDD3335421D78237009FC77D /* Debug */,
				EDD3335521D78237009FC77D /* Release */,
			);
			defaultConfigurationIsVisible = 0;
			defaultConfigurationName = Release;
		};
		EDD3335621D78237009FC77D /* Build configuration list for PBXNativeTarget "PhotoramaTests" */ = {
			isa = XCConfigurationList;
			buildConfigurations = (
				EDD3335721D78237009FC77D /* Debug */,
				EDD3335821D78237009FC77D /* Release */,
			);
			defaultConfigurationIsVisible = 0;
			defaultConfigurationName = Release;
		};
		EDD3335921D78237009FC77D /* Build configuration list for PBXNativeTarget "PhotoramaUITests" */ = {
			isa = XCConfigurationList;
			buildConfigurations = (
				EDD3335A21D78237009FC77D /* Debug */,
				EDD3335B21D78237009FC77D /* Release */,
			);
			defaultConfigurationIsVisible = 0;
			defaultConfigurationName = Release;
		};
/* End XCConfigurationList section */
	};
	rootObject = EDD3332321D78235009FC77D /* Project object */;
}
